PODS:
  - Amplitude-iOS (4.0.4)
  - Bolts (1.9.0):
    - Bolts/AppLinks (= 1.9.0)
    - Bolts/Tasks (= 1.9.0)
  - Bolts/AppLinks (1.9.0):
    - Bolts/Tasks
  - Bolts/Tasks (1.9.0)
  - BWHorizontalTableView (1.0.1)
  - Charts (3.1.1):
    - Charts/Core (= 3.1.1)
  - Charts/Core (3.1.1)
  - Crashlytics (3.10.2):
    - Fabric (~> 1.7.7)
  - Fabric (1.7.7)
  - FBSDKCoreKit (4.31.1):
    - Bolts (~> 1.7)
  - FBSDKLoginKit (4.31.1):
    - FBSDKCoreKit
  - FBSDKShareKit (4.31.1):
    - FBSDKCoreKit (~> 4.31.1)
  - FDWaveformView (3.0.1)
  - Firebase/Auth (5.0.1):
    - Firebase/CoreOnly
    - FirebaseAuth (= 5.0.0)
  - Firebase/Core (5.0.1):
    - Firebase/CoreOnly
    - FirebaseAnalytics (= 5.0.0)
  - Firebase/CoreOnly (5.0.1):
    - FirebaseCore (= 5.0.1)
  - Firebase/Database (5.0.1):
    - Firebase/CoreOnly
    - FirebaseDatabase (= 5.0.0)
  - Firebase/Storage (5.0.1):
    - Firebase/CoreOnly
    - FirebaseStorage (= 3.0.0)
  - FirebaseAnalytics (5.0.0):
    - FirebaseCore (~> 5.0)
    - FirebaseInstanceID (~> 3.0)
    - "GoogleToolboxForMac/NSData+zlib (~> 2.1)"
    - nanopb (~> 0.3)
  - FirebaseAuth (5.0.0):
    - FirebaseCore (~> 5.0)
    - GTMSessionFetcher/Core (~> 1.1)
  - FirebaseCore (5.0.1):
    - "GoogleToolboxForMac/NSData+zlib (~> 2.1)"
  - FirebaseDatabase (5.0.0):
    - FirebaseCore (~> 5.0)
    - leveldb-library (~> 1.18)
  - FirebaseInstanceID (3.0.0):
    - FirebaseCore (~> 5.0)
  - FirebaseStorage (3.0.0):
    - FirebaseCore (~> 5.0)
    - GTMSessionFetcher/Core (~> 1.1)
  - GoogleSignIn (4.1.2):
    - "GoogleToolboxForMac/NSDictionary+URLArguments (~> 2.1)"
    - "GoogleToolboxForMac/NSString+URLArguments (~> 2.1)"
    - GTMOAuth2 (~> 1.0)
    - GTMSessionFetcher/Core (~> 1.1)
  - GoogleToolboxForMac/DebugUtils (2.1.3):
    - GoogleToolboxForMac/Defines (= 2.1.3)
  - GoogleToolboxForMac/Defines (2.1.3)
  - "GoogleToolboxForMac/NSData+zlib (2.1.3)":
    - GoogleToolboxForMac/Defines (= 2.1.3)
  - "GoogleToolboxForMac/NSDictionary+URLArguments (2.1.3)":
    - GoogleToolboxForMac/DebugUtils (= 2.1.3)
    - GoogleToolboxForMac/Defines (= 2.1.3)
    - "GoogleToolboxForMac/NSString+URLArguments (= 2.1.3)"
  - "GoogleToolboxForMac/NSString+URLArguments (2.1.3)"
  - GTMOAuth2 (1.1.6):
    - GTMSessionFetcher (~> 1.1)
  - GTMSessionFetcher (1.1.14):
    - GTMSessionFetcher/Full (= 1.1.14)
  - GTMSessionFetcher/Core (1.1.14)
  - GTMSessionFetcher/Full (1.1.14):
    - GTMSessionFetcher/Core (= 1.1.14)
  - Intercom (5.0.2)
  - JTChartView (1.0.1)
  - leveldb-library (1.20)
  - LGSideMenuController (2.1.1)
  - MBProgressHUD (1.1.0)
  - nanopb (0.3.8):
    - nanopb/decode (= 0.3.8)
    - nanopb/encode (= 0.3.8)
  - nanopb/decode (0.3.8)
  - nanopb/encode (0.3.8)
  - ObjectMapper (3.1.0)
  - SCSiriWaveformView (1.1.1)
  - SplunkMint (5.2.3)
  - SwiftMessages (4.1.0)
  - TPKeyboardAvoiding (1.3.2)
  - "UITextView+Placeholder (1.2.0)"

DEPENDENCIES:
  - Amplitude-iOS (~> 4.0.4)
  - BWHorizontalTableView
  - Charts
  - Crashlytics (~> 3.10.2)
  - Fabric (~> 1.7.7)
  - FBSDKCoreKit
  - FBSDKLoginKit
  - FBSDKShareKit
  - FDWaveformView
  - Firebase/Auth
  - Firebase/Core
  - Firebase/Database
  - Firebase/Storage
  - GoogleSignIn
  - Intercom
  - JTChartView
  - LGSideMenuController
  - MBProgressHUD
  - ObjectMapper
  - SCSiriWaveformView
  - SplunkMint
  - SwiftMessages
  - TPKeyboardAvoiding
  - "UITextView+Placeholder"

SPEC REPOS:
  https://github.com/cocoapods/specs.git:
    - Amplitude-iOS
    - Bolts
    - BWHorizontalTableView
    - Charts
    - Crashlytics
    - Fabric
    - FBSDKCoreKit
    - FBSDKLoginKit
    - FBSDKShareKit
    - FDWaveformView
    - Firebase
    - FirebaseAnalytics
    - FirebaseAuth
    - FirebaseCore
    - FirebaseDatabase
    - FirebaseInstanceID
    - FirebaseStorage
    - GoogleSignIn
    - GoogleToolboxForMac
    - GTMOAuth2
    - GTMSessionFetcher
    - Intercom
    - JTChartView
    - leveldb-library
    - LGSideMenuController
    - MBProgressHUD
    - nanopb
    - ObjectMapper
    - SCSiriWaveformView
    - SplunkMint
    - SwiftMessages
    - TPKeyboardAvoiding
    - "UITextView+Placeholder"

SPEC CHECKSUMS:
  Amplitude-iOS: 2ad4d7270c99186236c1272a3a9425463b1ae1a7
  Bolts: ac6567323eac61e203f6a9763667d0f711be34c8
  BWHorizontalTableView: d9f34d06fb51cbbfb9b934f1c1f3a32727702647
  Charts: 90a4d61da0f6e06684c591e3bcab11940fe61736
  Crashlytics: 0360624eea1c978a743feddb2fb1ef8b37fb7a0d
  Fabric: bda89e242bce1b7b8ab264248cf3407774ce0095
  FBSDKCoreKit: e08ccfcefa7bc1347a07c276dac9bf6c7fe57024
  FBSDKLoginKit: 99797ac39252fef6f72600b886f6ee60b4b29cab
  FBSDKShareKit: e640c41c9fcd61929eeb3d0c21ad335103e7cb62
  FDWaveformView: 382333698e71680953f115e4c6faeb63a8cfde74
  Firebase: d6861c2059d8c32d1e6dd8932e22ada346d90a3a
  FirebaseAnalytics: 19812b49fa5f283dd6b23edf8a14b5d477029ab8
  FirebaseAuth: acbeef02fe7c3a26624e309849f3fe30c84115af
  FirebaseCore: cafc814b2d84fc8733f09e653041cc2165332ad7
  FirebaseDatabase: 697eb53e5b4fe7cd4fa8756c1f82a9fca011345f
  FirebaseInstanceID: 83e0040351565df711a5db3d8ebe5ea21aca998a
  FirebaseStorage: 7ca4bb7b58a25fa647b04f524033fc7cb7eb272b
  GoogleSignIn: d9ef55b10f0aa401a5de2747f59b725e4b9732ac
  GoogleToolboxForMac: 2501e2ad72a52eb3dfe7bd9aee7dad11b858bd20
  GTMOAuth2: c77fe325e4acd453837e72d91e3b5f13116857b2
  GTMSessionFetcher: 390ea358e5a0d0133153806f744662dad933d06b
  Intercom: 0fcb000a9eea9a8fe889ac1466972771ef8919f2
  JTChartView: cfe9c9cd95c04331df12d5d174d40cc3a9d39127
  leveldb-library: 08cba283675b7ed2d99629a4bc5fd052cd2bb6a5
  LGSideMenuController: ae40c80983ab8b8801c7cef0a6804d43aaa72d45
  MBProgressHUD: e7baa36a220447d8aeb12769bf0585582f3866d9
  nanopb: 5601e6bca2dbf1ed831b519092ec110f66982ca3
  ObjectMapper: 20505058f54e5c3ca69e1d6de9897d152a5369a6
  SCSiriWaveformView: 15b9dd6f94c7536e2032b34a35c6ff74d38c7411
  SplunkMint: 943498419a777e4ac9a166ec3b55648977fefed9
  SwiftMessages: 1bacc783c8f10bdfdc57c14860cae8a1f1fa6591
  TPKeyboardAvoiding: cb69d5ddbe90ce0170e4bc2db1e5e41d4a3ad9a4
  "UITextView+Placeholder": 77680995fcdd07c3f52ec92fe1150874a2ac89ff

PODFILE CHECKSUM: 263ed88ad1a16a3a3d89dd1261fcdb1b1a686915

COCOAPODS: 1.5.2
